Microsoft Visual Studio Solution File, Format Version 12.00
# Visual Studio Version 17
VisualStudioVersion = 17.5.2.0
MinimumVisualStudioVersion = 10.0.40219.1
Project("{FAE04EC0-301F-11D3-BF4B-00C04F79EFBC}") = "cookworm", "cookworm.csproj", "{74381EC9-4C33-738E-D05B-C8710516342A}"
EndProject
Global
	GlobalSection(SolutionConfigurationPlatforms) = preSolution
		Debug|Any CPU = Debug|Any CPU
		Release|Any CPU = Release|Any CPU
	EndGlobalSection
	GlobalSection(ProjectConfigurationPlatforms) = postSolution
		{74381EC9-4C33-738E-D05B-C8710516342A}.Debug|Any CPU.ActiveCfg = Debug|Any CPU
		{74381EC9-4C33-738E-D05B-C8710516342A}.Debug|Any CPU.Build.0 = Debug|Any CPU
		{74381EC9-4C33-738E-D05B-C8710516342A}.Release|Any CPU.ActiveCfg = Release|Any CPU
		{74381EC9-4C33-738E-D05B-C8710516342A}.Release|Any CPU.Build.0 = Release|Any CPU
	EndGlobalSection
	GlobalSection(SolutionProperties) = preSolution
		HideSolutionNode = FALSE
	EndGlobalSection
	GlobalSection(ExtensibilityGlobals) = postSolution
		SolutionGuid = {FF29CD61-12EB-42D2-AAF8-95ACD9E3A6D8}
	EndGlobalSection
EndGlobal
